
Microsoft Visual Studio Solution File, Format Version 12.00
# Visual Studio 14
VisualStudioVersion = 14.0.25420.1
MinimumVisualStudioVersion = 10.0.40219.1
Project("{FAE04EC0-301F-11D3-BF4B-00C04F79EFBC}") = "Fundtradingsystem", "Fundtradingsystem\Fundtradingsystem.csproj", "{08DD2636-0010-429B-8A42-CC0376CD052F}"
EndProject
Project("{FAE04EC0-301F-11D3-BF4B-00C04F79EFBC}") = "CreateEntity", "CreateEntity\CreateEntity.csproj", "{8B9EFC13-E85B-42D0-B806-17839BF0E639}"
EndProject
Global
	GlobalSection(SolutionConfigurationPlatforms) = preSolution
		Debug|Any CPU = Debug|Any CPU
		Release|Any CPU = Release|Any CPU
	EndGlobalSection
	GlobalSection(ProjectConfigurationPlatforms) = postSolution
		{08DD2636-0010-429B-8A42-CC0376CD052F}.Debug|Any CPU.ActiveCfg = Debug|Any CPU
		{08DD2636-0010-429B-8A42-CC0376CD052F}.Debug|Any CPU.Build.0 = Debug|Any CPU
		{08DD2636-0010-429B-8A42-CC0376CD052F}.Release|Any CPU.ActiveCfg = Release|Any CPU
		{08DD2636-0010-429B-8A42-CC0376CD052F}.Release|Any CPU.Build.0 = Release|Any CPU
		{8B9EFC13-E85B-42D0-B806-17839BF0E639}.Debug|Any CPU.ActiveCfg = Debug|Any CPU
		{8B9EFC13-E85B-42D0-B806-17839BF0E639}.Debug|Any CPU.Build.0 = Debug|Any CPU
		{8B9EFC13-E85B-42D0-B806-17839BF0E639}.Release|Any CPU.ActiveCfg = Release|Any CPU
		{8B9EFC13-E85B-42D0-B806-17839BF0E639}.Release|Any CPU.Build.0 = Release|Any CPU
	EndGlobalSection
	GlobalSection(SolutionProperties) = preSolution
		HideSolutionNode = FALSE
	EndGlobalSection
EndGlobal
